
Microsoft Visual Studio Solution File, Format Version 12.00
# Visual Studio 2013
VisualStudioVersion = 12.0.21005.1
MinimumVisualStudioVersion = 10.0.40219.1
Project("{FAE04EC0-301F-11D3-BF4B-00C04F79EFBC}") = "Arithmetic Progression", "Arithmetic Progression\Arithmetic Progression.csproj", "{0301FDC3-B04D-4E6D-A801-7F487A8B6A6C}"
EndProject
Project("{FAE04EC0-301F-11D3-BF4B-00C04F79EFBC}") = "Prime numbers", "Prime numbers\Prime numbers.csproj", "{02F75E98-C2A1-4A16-B9EE-E5E7080503A5}"
EndProject
Project("{FAE04EC0-301F-11D3-BF4B-00C04F79EFBC}") = "Utopian tree", "Utopian tree\Utopian tree.csproj", "{39FDF8BD-506B-4DD0-9826-5851ED826550}"
EndProject
Project("{FAE04EC0-301F-11D3-BF4B-00C04F79EFBC}") = "Tree diameter", "Tree diameter\Tree diameter.csproj", "{E6A8C23A-D0AF-4F09-BCAA-CFA3867B9A67}"
EndProject
Project("{FAE04EC0-301F-11D3-BF4B-00C04F79EFBC}") = "BubbleSort", "BubbleSort\BubbleSort.csproj", "{A421D5E7-07BE-4079-8B7E-651DF5F6D6FA}"
EndProject
Project("{FAE04EC0-301F-11D3-BF4B-00C04F79EFBC}") = "HeapSort", "HeapSort\HeapSort.csproj", "{BE708C2E-F6ED-422C-BD96-575CE3A5BD6E}"
EndProject
Project("{FAE04EC0-301F-11D3-BF4B-00C04F79EFBC}") = "KindOfTriangle", "KindOfTriangle\KindOfTriangle.csproj", "{67D51A49-3D52-4CA5-A02F-68589074483D}"
EndProject
Project("{FAE04EC0-301F-11D3-BF4B-00C04F79EFBC}") = "SearchSumInArray", "SearchSumInArray\SearchSumInArray.csproj", "{A25FAC20-15E3-4B8C-9773-6B719E75E392}"
EndProject
Project("{FAE04EC0-301F-11D3-BF4B-00C04F79EFBC}") = "DeltaCoding", "DeltaCoding\DeltaCoding.csproj", "{3E838211-D553-4542-B8F8-979BA25539A8}"
EndProject
Project("{FAE04EC0-301F-11D3-BF4B-00C04F79EFBC}") = "Anagram", "Anagram\Anagram.csproj", "{67E93196-2BAA-49B3-A9A0-9E0B3F7A3544}"
EndProject
Project("{FAE04EC0-301F-11D3-BF4B-00C04F79EFBC}") = "MultipleNumberPrint", "MultipleNumberPrint\MultipleNumberPrint.csproj", "{3C754092-9445-430C-BE4C-DD766FF0A961}"
EndProject
Project("{FAE04EC0-301F-11D3-BF4B-00C04F79EFBC}") = "Maximizing XOR", "Maximizing XOR\Maximizing XOR.csproj", "{82C1B7BF-657F-4E13-8DC9-EB7EC0F72C01}"
EndProject
Project("{FAE04EC0-301F-11D3-BF4B-00C04F79EFBC}") = "MaxMinAngryKid", "MaxMinAngryKid\MaxMinAngryKid.csproj", "{45D86E60-7E98-42B7-BF55-C6C3D400108F}"
EndProject
Project("{FAE04EC0-301F-11D3-BF4B-00C04F79EFBC}") = "The Time in Words", "The Time in Words\The Time in Words.csproj", "{8EBB5E94-AFBE-4F50-BC25-80F5621408ED}"
EndProject
Project("{FAE04EC0-301F-11D3-BF4B-00C04F79EFBC}") = "Funny String", "Funny String\Funny String.csproj", "{96F49418-05F7-4FA3-967E-D181DD8403EF}"
EndProject
Project("{FAE04EC0-301F-11D3-BF4B-00C04F79EFBC}") = "Panagram", "Panagram\Panagram.csproj", "{B160F8DE-B146-41B1-9DE4-0D45DB69E441}"
EndProject
Project("{FAE04EC0-301F-11D3-BF4B-00C04F79EFBC}") = "Make it Anagram", "Make it Anagram\Make it Anagram.csproj", "{9169DA5B-B613-4E92-90E0-0DB3EE063CBA}"
EndProject
Project("{FAE04EC0-301F-11D3-BF4B-00C04F79EFBC}") = "InsertionSortP1", "InsertionSortP1\InsertionSortP1.csproj", "{D0A3E331-FF93-4084-B0CB-DA50BA18EA49}"
EndProject
Project("{FAE04EC0-301F-11D3-BF4B-00C04F79EFBC}") = "InsertionSortP2", "InsertionSortP2\InsertionSortP2.csproj", "{9076A1AC-3D0F-40DA-AF26-C583C9DF0693}"
EndProject
Project("{FAE04EC0-301F-11D3-BF4B-00C04F79EFBC}") = "Quicksort 1", "Quicksort 1\Quicksort 1.csproj", "{4F4ECD9F-EC80-4E5E-BAC2-6FA22B093A48}"
EndProject
Project("{FAE04EC0-301F-11D3-BF4B-00C04F79EFBC}") = "CountingSort1", "CountingSort\CountingSort1.csproj", "{988831A0-E051-4349-B1F7-821A606ACAFF}"
EndProject
Project("{FAE04EC0-301F-11D3-BF4B-00C04F79EFBC}") = "CountingSort2", "CountingSort2\CountingSort2.csproj", "{ED4B00F4-6731-4DE5-BAD2-359A24389924}"
EndProject
Project("{FAE04EC0-301F-11D3-BF4B-00C04F79EFBC}") = "HandShake", "HandShake\HandShake.csproj", "{005A7BA7-2588-4E9B-9F3A-4BDF2E8C5E7C}"
EndProject
Project("{FAE04EC0-301F-11D3-BF4B-00C04F79EFBC}") = "Strange Grid", "Strange Grid\Strange Grid.csproj", "{34E1CBFE-4904-4798-A160-D47EB3C3EA78}"
EndProject
Project("{FAE04EC0-301F-11D3-BF4B-00C04F79EFBC}") = "Lonely Integer", "Lonely Integer\Lonely Integer.csproj", "{6F48461F-3A32-489C-8DF1-334145D3A4FB}"
EndProject
Project("{FAE04EC0-301F-11D3-BF4B-00C04F79EFBC}") = "Flipping bits", "Flipping bits\Flipping bits.csproj", "{D9BE0B0B-B4BE-4D00-BE3D-50E750F788EB}"
EndProject
Project("{FAE04EC0-301F-11D3-BF4B-00C04F79EFBC}") = "BST Search", "BST Search\BST Search.csproj", "{557CCAEE-3405-453D-BB4A-CF7F89AEE4F9}"
EndProject
Project("{FAE04EC0-301F-11D3-BF4B-00C04F79EFBC}") = "BST Insert", "BST Insert\BST Insert.csproj", "{F8B75735-0DE8-4EC4-8BA8-13438DB6F65A}"
EndProject
Project("{FAE04EC0-301F-11D3-BF4B-00C04F79EFBC}") = "BST Delete", "BST Delete\BST Delete.csproj", "{01A0768B-3E70-4EF3-833B-0D9B611BE640}"
EndProject
Project("{FAE04EC0-301F-11D3-BF4B-00C04F79EFBC}") = "Height of a tree", "Height of a tree\Height of a tree.csproj", "{789B6C03-2986-437F-A7AB-64ED70D73AA1}"
EndProject
Global
	GlobalSection(SolutionConfigurationPlatforms) = preSolution
		Debug|Any CPU = Debug|Any CPU
		Debug|Mixed Platforms = Debug|Mixed Platforms
		Debug|Win32 = Debug|Win32
		Release|Any CPU = Release|Any CPU
		Release|Mixed Platforms = Release|Mixed Platforms
		Release|Win32 = Release|Win32
	EndGlobalSection
	GlobalSection(ProjectConfigurationPlatforms) = postSolution
		{0301FDC3-B04D-4E6D-A801-7F487A8B6A6C}.Debug|Any CPU.ActiveCfg = Debug|Any CPU
		{0301FDC3-B04D-4E6D-A801-7F487A8B6A6C}.Debug|Any CPU.Build.0 = Debug|Any CPU
		{0301FDC3-B04D-4E6D-A801-7F487A8B6A6C}.Debug|Mixed Platforms.ActiveCfg = Debug|Any CPU
		{0301FDC3-B04D-4E6D-A801-7F487A8B6A6C}.Debug|Mixed Platforms.Build.0 = Debug|Any CPU
		{0301FDC3-B04D-4E6D-A801-7F487A8B6A6C}.Debug|Win32.ActiveCfg = Debug|Any CPU
		{0301FDC3-B04D-4E6D-A801-7F487A8B6A6C}.Release|Any CPU.ActiveCfg = Release|Any CPU
		{0301FDC3-B04D-4E6D-A801-7F487A8B6A6C}.Release|Any CPU.Build.0 = Release|Any CPU
		{0301FDC3-B04D-4E6D-A801-7F487A8B6A6C}.Release|Mixed Platforms.ActiveCfg = Release|Any CPU
		{0301FDC3-B04D-4E6D-A801-7F487A8B6A6C}.Release|Mixed Platforms.Build.0 = Release|Any CPU
		{0301FDC3-B04D-4E6D-A801-7F487A8B6A6C}.Release|Win32.ActiveCfg = Release|Any CPU
		{02F75E98-C2A1-4A16-B9EE-E5E7080503A5}.Debug|Any CPU.ActiveCfg = Debug|Any CPU
		{02F75E98-C2A1-4A16-B9EE-E5E7080503A5}.Debug|Any CPU.Build.0 = Debug|Any CPU
		{02F75E98-C2A1-4A16-B9EE-E5E7080503A5}.Debug|Mixed Platforms.ActiveCfg = Debug|Any CPU
		{02F75E98-C2A1-4A16-B9EE-E5E7080503A5}.Debug|Mixed Platforms.Build.0 = Debug|Any CPU
		{02F75E98-C2A1-4A16-B9EE-E5E7080503A5}.Debug|Win32.ActiveCfg = Debug|Any CPU
		{02F75E98-C2A1-4A16-B9EE-E5E7080503A5}.Release|Any CPU.ActiveCfg = Release|Any CPU
		{02F75E98-C2A1-4A16-B9EE-E5E7080503A5}.Release|Any CPU.Build.0 = Release|Any CPU
		{02F75E98-C2A1-4A16-B9EE-E5E7080503A5}.Release|Mixed Platforms.ActiveCfg = Release|Any CPU
		{02F75E98-C2A1-4A16-B9EE-E5E7080503A5}.Release|Mixed Platforms.Build.0 = Release|Any CPU
		{02F75E98-C2A1-4A16-B9EE-E5E7080503A5}.Release|Win32.ActiveCfg = Release|Any CPU
		{39FDF8BD-506B-4DD0-9826-5851ED826550}.Debug|Any CPU.ActiveCfg = Debug|Any CPU
		{39FDF8BD-506B-4DD0-9826-5851ED826550}.Debug|Any CPU.Build.0 = Debug|Any CPU
		{39FDF8BD-506B-4DD0-9826-5851ED826550}.Debug|Mixed Platforms.ActiveCfg = Debug|Any CPU
		{39FDF8BD-506B-4DD0-9826-5851ED826550}.Debug|Mixed Platforms.Build.0 = Debug|Any CPU
		{39FDF8BD-506B-4DD0-9826-5851ED826550}.Debug|Win32.ActiveCfg = Debug|Any CPU
		{39FDF8BD-506B-4DD0-9826-5851ED826550}.Release|Any CPU.ActiveCfg = Release|Any CPU
		{39FDF8BD-506B-4DD0-9826-5851ED826550}.Release|Any CPU.Build.0 = Release|Any CPU
		{39FDF8BD-506B-4DD0-9826-5851ED826550}.Release|Mixed Platforms.ActiveCfg = Release|Any CPU
		{39FDF8BD-506B-4DD0-9826-5851ED826550}.Release|Mixed Platforms.Build.0 = Release|Any CPU
		{39FDF8BD-506B-4DD0-9826-5851ED826550}.Release|Win32.ActiveCfg = Release|Any CPU
		{E6A8C23A-D0AF-4F09-BCAA-CFA3867B9A67}.Debug|Any CPU.ActiveCfg = Debug|Any CPU
		{E6A8C23A-D0AF-4F09-BCAA-CFA3867B9A67}.Debug|Any CPU.Build.0 = Debug|Any CPU
		{E6A8C23A-D0AF-4F09-BCAA-CFA3867B9A67}.Debug|Mixed Platforms.ActiveCfg = Debug|Any CPU
		{E6A8C23A-D0AF-4F09-BCAA-CFA3867B9A67}.Debug|Mixed Platforms.Build.0 = Debug|Any CPU
		{E6A8C23A-D0AF-4F09-BCAA-CFA3867B9A67}.Debug|Win32.ActiveCfg = Debug|Any CPU
		{E6A8C23A-D0AF-4F09-BCAA-CFA3867B9A67}.Release|Any CPU.ActiveCfg = Release|Any CPU
		{E6A8C23A-D0AF-4F09-BCAA-CFA3867B9A67}.Release|Any CPU.Build.0 = Release|Any CPU
		{E6A8C23A-D0AF-4F09-BCAA-CFA3867B9A67}.Release|Mixed Platforms.ActiveCfg = Release|Any CPU
		{E6A8C23A-D0AF-4F09-BCAA-CFA3867B9A67}.Release|Mixed Platforms.Build.0 = Release|Any CPU
		{E6A8C23A-D0AF-4F09-BCAA-CFA3867B9A67}.Release|Win32.ActiveCfg = Release|Any CPU
		{A421D5E7-07BE-4079-8B7E-651DF5F6D6FA}.Debug|Any CPU.ActiveCfg = Debug|Any CPU
		{A421D5E7-07BE-4079-8B7E-651DF5F6D6FA}.Debug|Any CPU.Build.0 = Debug|Any CPU
		{A421D5E7-07BE-4079-8B7E-651DF5F6D6FA}.Debug|Mixed Platforms.ActiveCfg = Debug|Any CPU
		{A421D5E7-07BE-4079-8B7E-651DF5F6D6FA}.Debug|Mixed Platforms.Build.0 = Debug|Any CPU
		{A421D5E7-07BE-4079-8B7E-651DF5F6D6FA}.Debug|Win32.ActiveCfg = Debug|Any CPU
		{A421D5E7-07BE-4079-8B7E-651DF5F6D6FA}.Release|Any CPU.ActiveCfg = Release|Any CPU
		{A421D5E7-07BE-4079-8B7E-651DF5F6D6FA}.Release|Any CPU.Build.0 = Release|Any CPU
		{A421D5E7-07BE-4079-8B7E-651DF5F6D6FA}.Release|Mixed Platforms.ActiveCfg = Release|Any CPU
		{A421D5E7-07BE-4079-8B7E-651DF5F6D6FA}.Release|Mixed Platforms.Build.0 = Release|Any CPU
		{A421D5E7-07BE-4079-8B7E-651DF5F6D6FA}.Release|Win32.ActiveCfg = Release|Any CPU
		{BE708C2E-F6ED-422C-BD96-575CE3A5BD6E}.Debug|Any CPU.ActiveCfg = Debug|Any CPU
		{BE708C2E-F6ED-422C-BD96-575CE3A5BD6E}.Debug|Any CPU.Build.0 = Debug|Any CPU
		{BE708C2E-F6ED-422C-BD96-575CE3A5BD6E}.Debug|Mixed Platforms.ActiveCfg = Debug|Any CPU
		{BE708C2E-F6ED-422C-BD96-575CE3A5BD6E}.Debug|Mixed Platforms.Build.0 = Debug|Any CPU
		{BE708C2E-F6ED-422C-BD96-575CE3A5BD6E}.Debug|Win32.ActiveCfg = Debug|Any CPU
		{BE708C2E-F6ED-422C-BD96-575CE3A5BD6E}.Release|Any CPU.ActiveCfg = Release|Any CPU
		{BE708C2E-F6ED-422C-BD96-575CE3A5BD6E}.Release|Any CPU.Build.0 = Release|Any CPU
		{BE708C2E-F6ED-422C-BD96-575CE3A5BD6E}.Release|Mixed Platforms.ActiveCfg = Release|Any CPU
		{BE708C2E-F6ED-422C-BD96-575CE3A5BD6E}.Release|Mixed Platforms.Build.0 = Release|Any CPU
		{BE708C2E-F6ED-422C-BD96-575CE3A5BD6E}.Release|Win32.ActiveCfg = Release|Any CPU
		{67D51A49-3D52-4CA5-A02F-68589074483D}.Debug|Any CPU.ActiveCfg = Debug|Any CPU
		{67D51A49-3D52-4CA5-A02F-68589074483D}.Debug|Any CPU.Build.0 = Debug|Any CPU
		{67D51A49-3D52-4CA5-A02F-68589074483D}.Debug|Mixed Platforms.ActiveCfg = Debug|Any CPU
		{67D51A49-3D52-4CA5-A02F-68589074483D}.Debug|Mixed Platforms.Build.0 = Debug|Any CPU
		{67D51A49-3D52-4CA5-A02F-68589074483D}.Debug|Win32.ActiveCfg = Debug|Any CPU
		{67D51A49-3D52-4CA5-A02F-68589074483D}.Release|Any CPU.ActiveCfg = Release|Any CPU
		{67D51A49-3D52-4CA5-A02F-68589074483D}.Release|Any CPU.Build.0 = Release|Any CPU
		{67D51A49-3D52-4CA5-A02F-68589074483D}.Release|Mixed Platforms.ActiveCfg = Release|Any CPU
		{67D51A49-3D52-4CA5-A02F-68589074483D}.Release|Mixed Platforms.Build.0 = Release|Any CPU
		{67D51A49-3D52-4CA5-A02F-68589074483D}.Release|Win32.ActiveCfg = Release|Any CPU
		{A25FAC20-15E3-4B8C-9773-6B719E75E392}.Debug|Any CPU.ActiveCfg = Debug|Any CPU
		{A25FAC20-15E3-4B8C-9773-6B719E75E392}.Debug|Any CPU.Build.0 = Debug|Any CPU
		{A25FAC20-15E3-4B8C-9773-6B719E75E392}.Debug|Mixed Platforms.ActiveCfg = Debug|Any CPU
		{A25FAC20-15E3-4B8C-9773-6B719E75E392}.Debug|Mixed Platforms.Build.0 = Debug|Any CPU
		{A25FAC20-15E3-4B8C-9773-6B719E75E392}.Debug|Win32.ActiveCfg = Debug|Any CPU
		{A25FAC20-15E3-4B8C-9773-6B719E75E392}.Release|Any CPU.ActiveCfg = Release|Any CPU
		{A25FAC20-15E3-4B8C-9773-6B719E75E392}.Release|Any CPU.Build.0 = Release|Any CPU
		{A25FAC20-15E3-4B8C-9773-6B719E75E392}.Release|Mixed Platforms.ActiveCfg = Release|Any CPU
		{A25FAC20-15E3-4B8C-9773-6B719E75E392}.Release|Mixed Platforms.Build.0 = Release|Any CPU
		{A25FAC20-15E3-4B8C-9773-6B719E75E392}.Release|Win32.ActiveCfg = Release|Any CPU
		{3E838211-D553-4542-B8F8-979BA25539A8}.Debug|Any CPU.ActiveCfg = Debug|Any CPU
		{3E838211-D553-4542-B8F8-979BA25539A8}.Debug|Any CPU.Build.0 = Debug|Any CPU
		{3E838211-D553-4542-B8F8-979BA25539A8}.Debug|Mixed Platforms.ActiveCfg = Debug|Any CPU
		{3E838211-D553-4542-B8F8-979BA25539A8}.Debug|Mixed Platforms.Build.0 = Debug|Any CPU
		{3E838211-D553-4542-B8F8-979BA25539A8}.Debug|Win32.ActiveCfg = Debug|Any CPU
		{3E838211-D553-4542-B8F8-979BA25539A8}.Release|Any CPU.ActiveCfg = Release|Any CPU
		{3E838211-D553-4542-B8F8-979BA25539A8}.Release|Any CPU.Build.0 = Release|Any CPU
		{3E838211-D553-4542-B8F8-979BA25539A8}.Release|Mixed Platforms.ActiveCfg = Release|Any CPU
		{3E838211-D553-4542-B8F8-979BA25539A8}.Release|Mixed Platforms.Build.0 = Release|Any CPU
		{3E838211-D553-4542-B8F8-979BA25539A8}.Release|Win32.ActiveCfg = Release|Any CPU
		{67E93196-2BAA-49B3-A9A0-9E0B3F7A3544}.Debug|Any CPU.ActiveCfg = Debug|Any CPU
		{67E93196-2BAA-49B3-A9A0-9E0B3F7A3544}.Debug|Any CPU.Build.0 = Debug|Any CPU
		{67E93196-2BAA-49B3-A9A0-9E0B3F7A3544}.Debug|Mixed Platforms.ActiveCfg = Debug|Any CPU
		{67E93196-2BAA-49B3-A9A0-9E0B3F7A3544}.Debug|Mixed Platforms.Build.0 = Debug|Any CPU
		{67E93196-2BAA-49B3-A9A0-9E0B3F7A3544}.Debug|Win32.ActiveCfg = Debug|Any CPU
		{67E93196-2BAA-49B3-A9A0-9E0B3F7A3544}.Release|Any CPU.ActiveCfg = Release|Any CPU
		{67E93196-2BAA-49B3-A9A0-9E0B3F7A3544}.Release|Any CPU.Build.0 = Release|Any CPU
		{67E93196-2BAA-49B3-A9A0-9E0B3F7A3544}.Release|Mixed Platforms.ActiveCfg = Release|Any CPU
		{67E93196-2BAA-49B3-A9A0-9E0B3F7A3544}.Release|Mixed Platforms.Build.0 = Release|Any CPU
		{67E93196-2BAA-49B3-A9A0-9E0B3F7A3544}.Release|Win32.ActiveCfg = Release|Any CPU
		{3C754092-9445-430C-BE4C-DD766FF0A961}.Debug|Any CPU.ActiveCfg = Debug|Any CPU
		{3C754092-9445-430C-BE4C-DD766FF0A961}.Debug|Any CPU.Build.0 = Debug|Any CPU
		{3C754092-9445-430C-BE4C-DD766FF0A961}.Debug|Mixed Platforms.ActiveCfg = Debug|Any CPU
		{3C754092-9445-430C-BE4C-DD766FF0A961}.Debug|Mixed Platforms.Build.0 = Debug|Any CPU
		{3C754092-9445-430C-BE4C-DD766FF0A961}.Debug|Win32.ActiveCfg = Debug|Any CPU
		{3C754092-9445-430C-BE4C-DD766FF0A961}.Release|Any CPU.ActiveCfg = Release|Any CPU
		{3C754092-9445-430C-BE4C-DD766FF0A961}.Release|Any CPU.Build.0 = Release|Any CPU
		{3C754092-9445-430C-BE4C-DD766FF0A961}.Release|Mixed Platforms.ActiveCfg = Release|Any CPU
		{3C754092-9445-430C-BE4C-DD766FF0A961}.Release|Mixed Platforms.Build.0 = Release|Any CPU
		{3C754092-9445-430C-BE4C-DD766FF0A961}.Release|Win32.ActiveCfg = Release|Any CPU
		{82C1B7BF-657F-4E13-8DC9-EB7EC0F72C01}.Debug|Any CPU.ActiveCfg = Debug|Any CPU
		{82C1B7BF-657F-4E13-8DC9-EB7EC0F72C01}.Debug|Any CPU.Build.0 = Debug|Any CPU
		{82C1B7BF-657F-4E13-8DC9-EB7EC0F72C01}.Debug|Mixed Platforms.ActiveCfg = Debug|Any CPU
		{82C1B7BF-657F-4E13-8DC9-EB7EC0F72C01}.Debug|Mixed Platforms.Build.0 = Debug|Any CPU
		{82C1B7BF-657F-4E13-8DC9-EB7EC0F72C01}.Debug|Win32.ActiveCfg = Debug|Any CPU
		{82C1B7BF-657F-4E13-8DC9-EB7EC0F72C01}.Release|Any CPU.ActiveCfg = Release|Any CPU
		{82C1B7BF-657F-4E13-8DC9-EB7EC0F72C01}.Release|Any CPU.Build.0 = Release|Any CPU
		{82C1B7BF-657F-4E13-8DC9-EB7EC0F72C01}.Release|Mixed Platforms.ActiveCfg = Release|Any CPU
		{82C1B7BF-657F-4E13-8DC9-EB7EC0F72C01}.Release|Mixed Platforms.Build.0 = Release|Any CPU
		{82C1B7BF-657F-4E13-8DC9-EB7EC0F72C01}.Release|Win32.ActiveCfg = Release|Any CPU
		{45D86E60-7E98-42B7-BF55-C6C3D400108F}.Debug|Any CPU.ActiveCfg = Debug|Any CPU
		{45D86E60-7E98-42B7-BF55-C6C3D400108F}.Debug|Any CPU.Build.0 = Debug|Any CPU
		{45D86E60-7E98-42B7-BF55-C6C3D400108F}.Debug|Mixed Platforms.ActiveCfg = Debug|Any CPU
		{45D86E60-7E98-42B7-BF55-C6C3D400108F}.Debug|Mixed Platforms.Build.0 = Debug|Any CPU
		{45D86E60-7E98-42B7-BF55-C6C3D400108F}.Debug|Win32.ActiveCfg = Debug|Any CPU
		{45D86E60-7E98-42B7-BF55-C6C3D400108F}.Release|Any CPU.ActiveCfg = Release|Any CPU
		{45D86E60-7E98-42B7-BF55-C6C3D400108F}.Release|Any CPU.Build.0 = Release|Any CPU
		{45D86E60-7E98-42B7-BF55-C6C3D400108F}.Release|Mixed Platforms.ActiveCfg = Release|Any CPU
		{45D86E60-7E98-42B7-BF55-C6C3D400108F}.Release|Mixed Platforms.Build.0 = Release|Any CPU
		{45D86E60-7E98-42B7-BF55-C6C3D400108F}.Release|Win32.ActiveCfg = Release|Any CPU
		{8EBB5E94-AFBE-4F50-BC25-80F5621408ED}.Debug|Any CPU.ActiveCfg = Debug|Any CPU
		{8EBB5E94-AFBE-4F50-BC25-80F5621408ED}.Debug|Any CPU.Build.0 = Debug|Any CPU
		{8EBB5E94-AFBE-4F50-BC25-80F5621408ED}.Debug|Mixed Platforms.ActiveCfg = Debug|Any CPU
		{8EBB5E94-AFBE-4F50-BC25-80F5621408ED}.Debug|Mixed Platforms.Build.0 = Debug|Any CPU
		{8EBB5E94-AFBE-4F50-BC25-80F5621408ED}.Debug|Win32.ActiveCfg = Debug|Any CPU
		{8EBB5E94-AFBE-4F50-BC25-80F5621408ED}.Release|Any CPU.ActiveCfg = Release|Any CPU
		{8EBB5E94-AFBE-4F50-BC25-80F5621408ED}.Release|Any CPU.Build.0 = Release|Any CPU
		{8EBB5E94-AFBE-4F50-BC25-80F5621408ED}.Release|Mixed Platforms.ActiveCfg = Release|Any CPU
		{8EBB5E94-AFBE-4F50-BC25-80F5621408ED}.Release|Mixed Platforms.Build.0 = Release|Any CPU
		{8EBB5E94-AFBE-4F50-BC25-80F5621408ED}.Release|Win32.ActiveCfg = Release|Any CPU
		{96F49418-05F7-4FA3-967E-D181DD8403EF}.Debug|Any CPU.ActiveCfg = Debug|Any CPU
		{96F49418-05F7-4FA3-967E-D181DD8403EF}.Debug|Any CPU.Build.0 = Debug|Any CPU
		{96F49418-05F7-4FA3-967E-D181DD8403EF}.Debug|Mixed Platforms.ActiveCfg = Debug|Any CPU
		{96F49418-05F7-4FA3-967E-D181DD8403EF}.Debug|Mixed Platforms.Build.0 = Debug|Any CPU
		{96F49418-05F7-4FA3-967E-D181DD8403EF}.Debug|Win32.ActiveCfg = Debug|Any CPU
		{96F49418-05F7-4FA3-967E-D181DD8403EF}.Release|Any CPU.ActiveCfg = Release|Any CPU
		{96F49418-05F7-4FA3-967E-D181DD8403EF}.Release|Any CPU.Build.0 = Release|Any CPU
		{96F49418-05F7-4FA3-967E-D181DD8403EF}.Release|Mixed Platforms.ActiveCfg = Release|Any CPU
		{96F49418-05F7-4FA3-967E-D181DD8403EF}.Release|Mixed Platforms.Build.0 = Release|Any CPU
		{96F49418-05F7-4FA3-967E-D181DD8403EF}.Release|Win32.ActiveCfg = Release|Any CPU
		{B160F8DE-B146-41B1-9DE4-0D45DB69E441}.Debug|Any CPU.ActiveCfg = Debug|Any CPU
		{B160F8DE-B146-41B1-9DE4-0D45DB69E441}.Debug|Any CPU.Build.0 = Debug|Any CPU
		{B160F8DE-B146-41B1-9DE4-0D45DB69E441}.Debug|Mixed Platforms.ActiveCfg = Debug|Any CPU
		{B160F8DE-B146-41B1-9DE4-0D45DB69E441}.Debug|Mixed Platforms.Build.0 = Debug|Any CPU
		{B160F8DE-B146-41B1-9DE4-0D45DB69E441}.Debug|Win32.ActiveCfg = Debug|Any CPU
		{B160F8DE-B146-41B1-9DE4-0D45DB69E441}.Release|Any CPU.ActiveCfg = Release|Any CPU
		{B160F8DE-B146-41B1-9DE4-0D45DB69E441}.Release|Any CPU.Build.0 = Release|Any CPU
		{B160F8DE-B146-41B1-9DE4-0D45DB69E441}.Release|Mixed Platforms.ActiveCfg = Release|Any CPU
		{B160F8DE-B146-41B1-9DE4-0D45DB69E441}.Release|Mixed Platforms.Build.0 = Release|Any CPU
		{B160F8DE-B146-41B1-9DE4-0D45DB69E441}.Release|Win32.ActiveCfg = Release|Any CPU
		{9169DA5B-B613-4E92-90E0-0DB3EE063CBA}.Debug|Any CPU.ActiveCfg = Debug|Any CPU
		{9169DA5B-B613-4E92-90E0-0DB3EE063CBA}.Debug|Any CPU.Build.0 = Debug|Any CPU
		{9169DA5B-B613-4E92-90E0-0DB3EE063CBA}.Debug|Mixed Platforms.ActiveCfg = Debug|Any CPU
		{9169DA5B-B613-4E92-90E0-0DB3EE063CBA}.Debug|Mixed Platforms.Build.0 = Debug|Any CPU
		{9169DA5B-B613-4E92-90E0-0DB3EE063CBA}.Debug|Win32.ActiveCfg = Debug|Any CPU
		{9169DA5B-B613-4E92-90E0-0DB3EE063CBA}.Release|Any CPU.ActiveCfg = Release|Any CPU
		{9169DA5B-B613-4E92-90E0-0DB3EE063CBA}.Release|Any CPU.Build.0 = Release|Any CPU
		{9169DA5B-B613-4E92-90E0-0DB3EE063CBA}.Release|Mixed Platforms.ActiveCfg = Release|Any CPU
		{9169DA5B-B613-4E92-90E0-0DB3EE063CBA}.Release|Mixed Platforms.Build.0 = Release|Any CPU
		{9169DA5B-B613-4E92-90E0-0DB3EE063CBA}.Release|Win32.ActiveCfg = Release|Any CPU
		{D0A3E331-FF93-4084-B0CB-DA50BA18EA49}.Debug|Any CPU.ActiveCfg = Debug|Any CPU
		{D0A3E331-FF93-4084-B0CB-DA50BA18EA49}.Debug|Any CPU.Build.0 = Debug|Any CPU
		{D0A3E331-FF93-4084-B0CB-DA50BA18EA49}.Debug|Mixed Platforms.ActiveCfg = Debug|Any CPU
		{D0A3E331-FF93-4084-B0CB-DA50BA18EA49}.Debug|Mixed Platforms.Build.0 = Debug|Any CPU
		{D0A3E331-FF93-4084-B0CB-DA50BA18EA49}.Debug|Win32.ActiveCfg = Debug|Any CPU
		{D0A3E331-FF93-4084-B0CB-DA50BA18EA49}.Release|Any CPU.ActiveCfg = Release|Any CPU
		{D0A3E331-FF93-4084-B0CB-DA50BA18EA49}.Release|Any CPU.Build.0 = Release|Any CPU
		{D0A3E331-FF93-4084-B0CB-DA50BA18EA49}.Release|Mixed Platforms.ActiveCfg = Release|Any CPU
		{D0A3E331-FF93-4084-B0CB-DA50BA18EA49}.Release|Mixed Platforms.Build.0 = Release|Any CPU
		{D0A3E331-FF93-4084-B0CB-DA50BA18EA49}.Release|Win32.ActiveCfg = Release|Any CPU
		{9076A1AC-3D0F-40DA-AF26-C583C9DF0693}.Debug|Any CPU.ActiveCfg = Debug|Any CPU
		{9076A1AC-3D0F-40DA-AF26-C583C9DF0693}.Debug|Any CPU.Build.0 = Debug|Any CPU
		{9076A1AC-3D0F-40DA-AF26-C583C9DF0693}.Debug|Mixed Platforms.ActiveCfg = Debug|Any CPU
		{9076A1AC-3D0F-40DA-AF26-C583C9DF0693}.Debug|Mixed Platforms.Build.0 = Debug|Any CPU
		{9076A1AC-3D0F-40DA-AF26-C583C9DF0693}.Debug|Win32.ActiveCfg = Debug|Any CPU
		{9076A1AC-3D0F-40DA-AF26-C583C9DF0693}.Release|Any CPU.ActiveCfg = Release|Any CPU
		{9076A1AC-3D0F-40DA-AF26-C583C9DF0693}.Release|Any CPU.Build.0 = Release|Any CPU
		{9076A1AC-3D0F-40DA-AF26-C583C9DF0693}.Release|Mixed Platforms.ActiveCfg = Release|Any CPU
		{9076A1AC-3D0F-40DA-AF26-C583C9DF0693}.Release|Mixed Platforms.Build.0 = Release|Any CPU
		{9076A1AC-3D0F-40DA-AF26-C583C9DF0693}.Release|Win32.ActiveCfg = Release|Any CPU
		{4F4ECD9F-EC80-4E5E-BAC2-6FA22B093A48}.Debug|Any CPU.ActiveCfg = Debug|Any CPU
		{4F4ECD9F-EC80-4E5E-BAC2-6FA22B093A48}.Debug|Any CPU.Build.0 = Debug|Any CPU
		{4F4ECD9F-EC80-4E5E-BAC2-6FA22B093A48}.Debug|Mixed Platforms.ActiveCfg = Debug|Any CPU
		{4F4ECD9F-EC80-4E5E-BAC2-6FA22B093A48}.Debug|Mixed Platforms.Build.0 = Debug|Any CPU
		{4F4ECD9F-EC80-4E5E-BAC2-6FA22B093A48}.Debug|Win32.ActiveCfg = Debug|Any CPU
		{4F4ECD9F-EC80-4E5E-BAC2-6FA22B093A48}.Release|Any CPU.ActiveCfg = Release|Any CPU
		{4F4ECD9F-EC80-4E5E-BAC2-6FA22B093A48}.Release|Any CPU.Build.0 = Release|Any CPU
		{4F4ECD9F-EC80-4E5E-BAC2-6FA22B093A48}.Release|Mixed Platforms.ActiveCfg = Release|Any CPU
		{4F4ECD9F-EC80-4E5E-BAC2-6FA22B093A48}.Release|Mixed Platforms.Build.0 = Release|Any CPU
		{4F4ECD9F-EC80-4E5E-BAC2-6FA22B093A48}.Release|Win32.ActiveCfg = Release|Any CPU
		{988831A0-E051-4349-B1F7-821A606ACAFF}.Debug|Any CPU.ActiveCfg = Debug|Any CPU
		{988831A0-E051-4349-B1F7-821A606ACAFF}.Debug|Any CPU.Build.0 = Debug|Any CPU
		{988831A0-E051-4349-B1F7-821A606ACAFF}.Debug|Mixed Platforms.ActiveCfg = Debug|Any CPU
		{988831A0-E051-4349-B1F7-821A606ACAFF}.Debug|Mixed Platforms.Build.0 = Debug|Any CPU
		{988831A0-E051-4349-B1F7-821A606ACAFF}.Debug|Win32.ActiveCfg = Debug|Any CPU
		{988831A0-E051-4349-B1F7-821A606ACAFF}.Release|Any CPU.ActiveCfg = Release|Any CPU
		{988831A0-E051-4349-B1F7-821A606ACAFF}.Release|Any CPU.Build.0 = Release|Any CPU
		{988831A0-E051-4349-B1F7-821A606ACAFF}.Release|Mixed Platforms.ActiveCfg = Release|Any CPU
		{988831A0-E051-4349-B1F7-821A606ACAFF}.Release|Mixed Platforms.Build.0 = Release|Any CPU
		{988831A0-E051-4349-B1F7-821A606ACAFF}.Release|Win32.ActiveCfg = Release|Any CPU
		{ED4B00F4-6731-4DE5-BAD2-359A24389924}.Debug|Any CPU.ActiveCfg = Debug|Any CPU
		{ED4B00F4-6731-4DE5-BAD2-359A24389924}.Debug|Any CPU.Build.0 = Debug|Any CPU
		{ED4B00F4-6731-4DE5-BAD2-359A24389924}.Debug|Mixed Platforms.ActiveCfg = Debug|Any CPU
		{ED4B00F4-6731-4DE5-BAD2-359A24389924}.Debug|Mixed Platforms.Build.0 = Debug|Any CPU
		{ED4B00F4-6731-4DE5-BAD2-359A24389924}.Debug|Win32.ActiveCfg = Debug|Any CPU
		{ED4B00F4-6731-4DE5-BAD2-359A24389924}.Release|Any CPU.ActiveCfg = Release|Any CPU
		{ED4B00F4-6731-4DE5-BAD2-359A24389924}.Release|Any CPU.Build.0 = Release|Any CPU
		{ED4B00F4-6731-4DE5-BAD2-359A24389924}.Release|Mixed Platforms.ActiveCfg = Release|Any CPU
		{ED4B00F4-6731-4DE5-BAD2-359A24389924}.Release|Mixed Platforms.Build.0 = Release|Any CPU
		{ED4B00F4-6731-4DE5-BAD2-359A24389924}.Release|Win32.ActiveCfg = Release|Any CPU
		{005A7BA7-2588-4E9B-9F3A-4BDF2E8C5E7C}.Debug|Any CPU.ActiveCfg = Debug|Any CPU
		{005A7BA7-2588-4E9B-9F3A-4BDF2E8C5E7C}.Debug|Any CPU.Build.0 = Debug|Any CPU
		{005A7BA7-2588-4E9B-9F3A-4BDF2E8C5E7C}.Debug|Mixed Platforms.ActiveCfg = Debug|Any CPU
		{005A7BA7-2588-4E9B-9F3A-4BDF2E8C5E7C}.Debug|Mixed Platforms.Build.0 = Debug|Any CPU
		{005A7BA7-2588-4E9B-9F3A-4BDF2E8C5E7C}.Debug|Win32.ActiveCfg = Debug|Any CPU
		{005A7BA7-2588-4E9B-9F3A-4BDF2E8C5E7C}.Release|Any CPU.ActiveCfg = Release|Any CPU
		{005A7BA7-2588-4E9B-9F3A-4BDF2E8C5E7C}.Release|Any CPU.Build.0 = Release|Any CPU
		{005A7BA7-2588-4E9B-9F3A-4BDF2E8C5E7C}.Release|Mixed Platforms.ActiveCfg = Release|Any CPU
		{005A7BA7-2588-4E9B-9F3A-4BDF2E8C5E7C}.Release|Mixed Platforms.Build.0 = Release|Any CPU
		{005A7BA7-2588-4E9B-9F3A-4BDF2E8C5E7C}.Release|Win32.ActiveCfg = Release|Any CPU
		{34E1CBFE-4904-4798-A160-D47EB3C3EA78}.Debug|Any CPU.ActiveCfg = Debug|Any CPU
		{34E1CBFE-4904-4798-A160-D47EB3C3EA78}.Debug|Any CPU.Build.0 = Debug|Any CPU
		{34E1CBFE-4904-4798-A160-D47EB3C3EA78}.Debug|Mixed Platforms.ActiveCfg = Debug|Any CPU
		{34E1CBFE-4904-4798-A160-D47EB3C3EA78}.Debug|Mixed Platforms.Build.0 = Debug|Any CPU
		{34E1CBFE-4904-4798-A160-D47EB3C3EA78}.Debug|Win32.ActiveCfg = Debug|Any CPU
		{34E1CBFE-4904-4798-A160-D47EB3C3EA78}.Release|Any CPU.ActiveCfg = Release|Any CPU
		{34E1CBFE-4904-4798-A160-D47EB3C3EA78}.Release|Any CPU.Build.0 = Release|Any CPU
		{34E1CBFE-4904-4798-A160-D47EB3C3EA78}.Release|Mixed Platforms.ActiveCfg = Release|Any CPU
		{34E1CBFE-4904-4798-A160-D47EB3C3EA78}.Release|Mixed Platforms.Build.0 = Release|Any CPU
		{34E1CBFE-4904-4798-A160-D47EB3C3EA78}.Release|Win32.ActiveCfg = Release|Any CPU
		{6F48461F-3A32-489C-8DF1-334145D3A4FB}.Debug|Any CPU.ActiveCfg = Debug|Any CPU
		{6F48461F-3A32-489C-8DF1-334145D3A4FB}.Debug|Any CPU.Build.0 = Debug|Any CPU
		{6F48461F-3A32-489C-8DF1-334145D3A4FB}.Debug|Mixed Platforms.ActiveCfg = Debug|Any CPU
		{6F48461F-3A32-489C-8DF1-334145D3A4FB}.Debug|Mixed Platforms.Build.0 = Debug|Any CPU
		{6F48461F-3A32-489C-8DF1-334145D3A4FB}.Debug|Win32.ActiveCfg = Debug|Any CPU
		{6F48461F-3A32-489C-8DF1-334145D3A4FB}.Release|Any CPU.ActiveCfg = Release|Any CPU
		{6F48461F-3A32-489C-8DF1-334145D3A4FB}.Release|Any CPU.Build.0 = Release|Any CPU
		{6F48461F-3A32-489C-8DF1-334145D3A4FB}.Release|Mixed Platforms.ActiveCfg = Release|Any CPU
		{6F48461F-3A32-489C-8DF1-334145D3A4FB}.Release|Mixed Platforms.Build.0 = Release|Any CPU
		{6F48461F-3A32-489C-8DF1-334145D3A4FB}.Release|Win32.ActiveCfg = Release|Any CPU
		{D9BE0B0B-B4BE-4D00-BE3D-50E750F788EB}.Debug|Any CPU.ActiveCfg = Debug|Any CPU
		{D9BE0B0B-B4BE-4D00-BE3D-50E750F788EB}.Debug|Any CPU.Build.0 = Debug|Any CPU
		{D9BE0B0B-B4BE-4D00-BE3D-50E750F788EB}.Debug|Mixed Platforms.ActiveCfg = Debug|Any CPU
		{D9BE0B0B-B4BE-4D00-BE3D-50E750F788EB}.Debug|Mixed Platforms.Build.0 = Debug|Any CPU
		{D9BE0B0B-B4BE-4D00-BE3D-50E750F788EB}.Debug|Win32.ActiveCfg = Debug|Any CPU
		{D9BE0B0B-B4BE-4D00-BE3D-50E750F788EB}.Release|Any CPU.ActiveCfg = Release|Any CPU
		{D9BE0B0B-B4BE-4D00-BE3D-50E750F788EB}.Release|Any CPU.Build.0 = Release|Any CPU
		{D9BE0B0B-B4BE-4D00-BE3D-50E750F788EB}.Release|Mixed Platforms.ActiveCfg = Release|Any CPU
		{D9BE0B0B-B4BE-4D00-BE3D-50E750F788EB}.Release|Mixed Platforms.Build.0 = Release|Any CPU
		{D9BE0B0B-B4BE-4D00-BE3D-50E750F788EB}.Release|Win32.ActiveCfg = Release|Any CPU
		{557CCAEE-3405-453D-BB4A-CF7F89AEE4F9}.Debug|Any CPU.ActiveCfg = Debug|Any CPU
		{557CCAEE-3405-453D-BB4A-CF7F89AEE4F9}.Debug|Any CPU.Build.0 = Debug|Any CPU
		{557CCAEE-3405-453D-BB4A-CF7F89AEE4F9}.Debug|Mixed Platforms.ActiveCfg = Debug|Any CPU
		{557CCAEE-3405-453D-BB4A-CF7F89AEE4F9}.Debug|Mixed Platforms.Build.0 = Debug|Any CPU
		{557CCAEE-3405-453D-BB4A-CF7F89AEE4F9}.Debug|Win32.ActiveCfg = Debug|Any CPU
		{557CCAEE-3405-453D-BB4A-CF7F89AEE4F9}.Release|Any CPU.ActiveCfg = Release|Any CPU
		{557CCAEE-3405-453D-BB4A-CF7F89AEE4F9}.Release|Any CPU.Build.0 = Release|Any CPU
		{557CCAEE-3405-453D-BB4A-CF7F89AEE4F9}.Release|Mixed Platforms.ActiveCfg = Release|Any CPU
		{557CCAEE-3405-453D-BB4A-CF7F89AEE4F9}.Release|Mixed Platforms.Build.0 = Release|Any CPU
		{557CCAEE-3405-453D-BB4A-CF7F89AEE4F9}.Release|Win32.ActiveCfg = Release|Any CPU
		{F8B75735-0DE8-4EC4-8BA8-13438DB6F65A}.Debug|Any CPU.ActiveCfg = Debug|Any CPU
		{F8B75735-0DE8-4EC4-8BA8-13438DB6F65A}.Debug|Any CPU.Build.0 = Debug|Any CPU
		{F8B75735-0DE8-4EC4-8BA8-13438DB6F65A}.Debug|Mixed Platforms.ActiveCfg = Debug|Any CPU
		{F8B75735-0DE8-4EC4-8BA8-13438DB6F65A}.Debug|Mixed Platforms.Build.0 = Debug|Any CPU
		{F8B75735-0DE8-4EC4-8BA8-13438DB6F65A}.Debug|Win32.ActiveCfg = Debug|Any CPU
		{F8B75735-0DE8-4EC4-8BA8-13438DB6F65A}.Release|Any CPU.ActiveCfg = Release|Any CPU
		{F8B75735-0DE8-4EC4-8BA8-13438DB6F65A}.Release|Any CPU.Build.0 = Release|Any CPU
		{F8B75735-0DE8-4EC4-8BA8-13438DB6F65A}.Release|Mixed Platforms.ActiveCfg = Release|Any CPU
		{F8B75735-0DE8-4EC4-8BA8-13438DB6F65A}.Release|Mixed Platforms.Build.0 = Release|Any CPU
		{F8B75735-0DE8-4EC4-8BA8-13438DB6F65A}.Release|Win32.ActiveCfg = Release|Any CPU
		{01A0768B-3E70-4EF3-833B-0D9B611BE640}.Debug|Any CPU.ActiveCfg = Debug|Any CPU
		{01A0768B-3E70-4EF3-833B-0D9B611BE640}.Debug|Any CPU.Build.0 = Debug|Any CPU
		{01A0768B-3E70-4EF3-833B-0D9B611BE640}.Debug|Mixed Platforms.ActiveCfg = Debug|Any CPU
		{01A0768B-3E70-4EF3-833B-0D9B611BE640}.Debug|Mixed Platforms.Build.0 = Debug|Any CPU
		{01A0768B-3E70-4EF3-833B-0D9B611BE640}.Debug|Win32.ActiveCfg = Debug|Any CPU
		{01A0768B-3E70-4EF3-833B-0D9B611BE640}.Release|Any CPU.ActiveCfg = Release|Any CPU
		{01A0768B-3E70-4EF3-833B-0D9B611BE640}.Release|Any CPU.Build.0 = Release|Any CPU
		{01A0768B-3E70-4EF3-833B-0D9B611BE640}.Release|Mixed Platforms.ActiveCfg = Release|Any CPU
		{01A0768B-3E70-4EF3-833B-0D9B611BE640}.Release|Mixed Platforms.Build.0 = Release|Any CPU
		{01A0768B-3E70-4EF3-833B-0D9B611BE640}.Release|Win32.ActiveCfg = Release|Any CPU
		{789B6C03-2986-437F-A7AB-64ED70D73AA1}.Debug|Any CPU.ActiveCfg = Debug|Any CPU
		{789B6C03-2986-437F-A7AB-64ED70D73AA1}.Debug|Any CPU.Build.0 = Debug|Any CPU
		{789B6C03-2986-437F-A7AB-64ED70D73AA1}.Debug|Mixed Platforms.ActiveCfg = Debug|Any CPU
		{789B6C03-2986-437F-A7AB-64ED70D73AA1}.Debug|Mixed Platforms.Build.0 = Debug|Any CPU
		{789B6C03-2986-437F-A7AB-64ED70D73AA1}.Debug|Win32.ActiveCfg = Debug|Any CPU
		{789B6C03-2986-437F-A7AB-64ED70D73AA1}.Release|Any CPU.ActiveCfg = Release|Any CPU
		{789B6C03-2986-437F-A7AB-64ED70D73AA1}.Release|Any CPU.Build.0 = Release|Any CPU
		{789B6C03-2986-437F-A7AB-64ED70D73AA1}.Release|Mixed Platforms.ActiveCfg = Release|Any CPU
		{789B6C03-2986-437F-A7AB-64ED70D73AA1}.Release|Mixed Platforms.Build.0 = Release|Any CPU
		{789B6C03-2986-437F-A7AB-64ED70D73AA1}.Release|Win32.ActiveCfg = Release|Any CPU
	EndGlobalSection
	GlobalSection(SolutionProperties) = preSolution
		HideSolutionNode = FALSE
	EndGlobalSection
EndGlobal
